
Microsoft Visual Studio Solution File, Format Version 12.00
# Visual Studio Version 17
VisualStudioVersion = 17.0.31903.59
MinimumVisualStudioVersion = 10.0.40219.1
Project("{2150E333-8FDC-42A3-9474-1A3956D46DE8}") = "src", "src", "{83F8655A-D12E-4FF6-AECE-F62EA492A8E5}"
EndProject
Project("{FAE04EC0-301F-11D3-BF4B-00C04F79EFBC}") = "CLI", "src\CLI\CLI.csproj", "{7F778C62-E660-401B-AB95-1A41C293C1D5}"
EndProject
Project("{FAE04EC0-301F-11D3-BF4B-00C04F79EFBC}") = "GitService", "src\GitService\GitService.csproj", "{96AF71F6-87F0-4DF3-8F62-77F5D03E0E71}"
EndProject
Project("{FAE04EC0-301F-11D3-BF4B-00C04F79EFBC}") = "Shared", "src\Shared\Shared.csproj", "{B7B2256D-7209-4CC6-B80A-D1E357E8239A}"
EndProject
Project("{2150E333-8FDC-42A3-9474-1A3956D46DE8}") = "tests", "tests", "{B5AF8FA2-27D3-4DB7-BEB7-62B2A11B1BDD}"
EndProject
Project("{FAE04EC0-301F-11D3-BF4B-00C04F79EFBC}") = "UnitTests", "tests\UnitTests\UnitTests.csproj", "{512D7FE4-A4DC-4C43-B68C-995E1CF55FCD}"
EndProject
Project("{FAE04EC0-301F-11D3-BF4B-00C04F79EFBC}") = "IntegrationTests", "tests\IntegrationTests\IntegrationTests.csproj", "{6A445B3D-CE4F-4A38-BA20-50684569B8FA}"
EndProject
Global
	GlobalSection(SolutionConfigurationPlatforms) = preSolution
		Debug|Any CPU = Debug|Any CPU
		Release|Any CPU = Release|Any CPU
	EndGlobalSection
	GlobalSection(SolutionProperties) = preSolution
		HideSolutionNode = FALSE
	EndGlobalSection
	GlobalSection(ProjectConfigurationPlatforms) = postSolution
		{7F778C62-E660-401B-AB95-1A41C293C1D5}.Debug|Any CPU.ActiveCfg = Debug|Any CPU
		{7F778C62-E660-401B-AB95-1A41C293C1D5}.Debug|Any CPU.Build.0 = Debug|Any CPU
		{7F778C62-E660-401B-AB95-1A41C293C1D5}.Release|Any CPU.ActiveCfg = Release|Any CPU
		{7F778C62-E660-401B-AB95-1A41C293C1D5}.Release|Any CPU.Build.0 = Release|Any CPU
		{96AF71F6-87F0-4DF3-8F62-77F5D03E0E71}.Debug|Any CPU.ActiveCfg = Debug|Any CPU
		{96AF71F6-87F0-4DF3-8F62-77F5D03E0E71}.Debug|Any CPU.Build.0 = Debug|Any CPU
		{96AF71F6-87F0-4DF3-8F62-77F5D03E0E71}.Release|Any CPU.ActiveCfg = Release|Any CPU
		{96AF71F6-87F0-4DF3-8F62-77F5D03E0E71}.Release|Any CPU.Build.0 = Release|Any CPU
		{B7B2256D-7209-4CC6-B80A-D1E357E8239A}.Debug|Any CPU.ActiveCfg = Debug|Any CPU
		{B7B2256D-7209-4CC6-B80A-D1E357E8239A}.Debug|Any CPU.Build.0 = Debug|Any CPU
		{B7B2256D-7209-4CC6-B80A-D1E357E8239A}.Release|Any CPU.ActiveCfg = Release|Any CPU
		{B7B2256D-7209-4CC6-B80A-D1E357E8239A}.Release|Any CPU.Build.0 = Release|Any CPU
		{512D7FE4-A4DC-4C43-B68C-995E1CF55FCD}.Debug|Any CPU.ActiveCfg = Debug|Any CPU
		{512D7FE4-A4DC-4C43-B68C-995E1CF55FCD}.Debug|Any CPU.Build.0 = Debug|Any CPU
		{512D7FE4-A4DC-4C43-B68C-995E1CF55FCD}.Release|Any CPU.ActiveCfg = Release|Any CPU
		{512D7FE4-A4DC-4C43-B68C-995E1CF55FCD}.Release|Any CPU.Build.0 = Release|Any CPU
		{6A445B3D-CE4F-4A38-BA20-50684569B8FA}.Debug|Any CPU.ActiveCfg = Debug|Any CPU
		{6A445B3D-CE4F-4A38-BA20-50684569B8FA}.Debug|Any CPU.Build.0 = Debug|Any CPU
		{6A445B3D-CE4F-4A38-BA20-50684569B8FA}.Release|Any CPU.ActiveCfg = Release|Any CPU
		{6A445B3D-CE4F-4A38-BA20-50684569B8FA}.Release|Any CPU.Build.0 = Release|Any CPU
	EndGlobalSection
	GlobalSection(NestedProjects) = preSolution
		{7F778C62-E660-401B-AB95-1A41C293C1D5} = {83F8655A-D12E-4FF6-AECE-F62EA492A8E5}
		{96AF71F6-87F0-4DF3-8F62-77F5D03E0E71} = {83F8655A-D12E-4FF6-AECE-F62EA492A8E5}
		{B7B2256D-7209-4CC6-B80A-D1E357E8239A} = {83F8655A-D12E-4FF6-AECE-F62EA492A8E5}
		{512D7FE4-A4DC-4C43-B68C-995E1CF55FCD} = {B5AF8FA2-27D3-4DB7-BEB7-62B2A11B1BDD}
		{6A445B3D-CE4F-4A38-BA20-50684569B8FA} = {B5AF8FA2-27D3-4DB7-BEB7-62B2A11B1BDD}
	EndGlobalSection
EndGlobal
