<Solution>
  <Folder Name="/src/">
    <Project Path="src/Cli/Cli.csproj" />
    <Project Path="src/GitService/GitService.csproj" />
    <Project Path="src/Shared/Shared.csproj" />
  </Folder>
  <Folder Name="/tests/">
    <Project Path="tests/IntegrationTests/IntegrationTests.csproj" />
    <Project Path="tests/UnitTests/UnitTests.csproj" />
  </Folder>
</Solution>
